[{<<"goldrush">>,
  {git,"git://github.com/DeadZen/goldrush.git",
       {ref,"71e63212f12c25827e0c1b4198d37d5d018a7fec"}},
  1},
 {<<"hpack">>,
  {git,"git://github.com/joedevivo/hpack.git",
       {ref,"3d3197d131bcc2c90e33b01b0bdc154d32a5525a"}},
  0},
 {<<"lager">>,
  {git,"git://github.com/basho/lager.git",
       {ref,"75970de664c5634c577bdedf29c87f58a16893ca"}},
  0}].
